// !$*UTF8*$!
{
	archiveVersion = 1;
	classes = {
	};
	objectVersion = 56;
	objects = {

/* Begin PBXBuildFile section */
		01E400022BBABD0100AB2C84 /* BlogApp.swift in Sources */ = {isa = PBXBuildFile; fileRef = 01E400012BBABD0100AB2C84 /* BlogApp.swift */; };
		01E400042BBABD0100AB2C84 /* ContentView.swift in Sources */ = {isa = PBXBuildFile; fileRef = 01E400032BBABD0100AB2C84 /* ContentView.swift */; };
		01E400062BBABD0200AB2C84 /* Assets.xcassets in Resources */ = {isa = PBXBuildFile; fileRef = 01E400052BBABD0200AB2C84 /* Assets.xcassets */; };
		01E400092BBABD0200AB2C84 /* Preview Assets.xcassets in Resources */ = {isa = PBXBuildFile; fileRef = 01E400082BBABD0200AB2C84 /* Preview Assets.xcassets */; };
		01E400132BBABD0300AB2C84 /* BlogTests.swift in Sources */ = {isa = PBXBuildFile; fileRef = 01E400122BBABD0300AB2C84 /* BlogTests.swift */; };
		01E4001D2BBABD0300AB2C84 /* BlogUITests.swift in Sources */ = {isa = PBXBuildFile; fileRef = 01E4001C2BBABD0300AB2C84 /* BlogUITests.swift */; };
		01E4001F2BBABD0300AB2C84 /* BlogUITestsLaunchTests.swift in Sources */ = {isa = PBXBuildFile; fileRef = 01E4001E2BBABD0300AB2C84 /* BlogUITestsLaunchTests.swift */; };
		01E4002C2BBAC94800AB2C84 /* HomePageView.swift in Sources */ = {isa = PBXBuildFile; fileRef = 01E4002B2BBAC94800AB2C84 /* HomePageView.swift */; };
		01E4002E2BBAC97800AB2C84 /* PublishPageView.swift in Sources */ = {isa = PBXBuildFile; fileRef = 01E4002D2BBAC97800AB2C84 /* PublishPageView.swift */; };
		01E400302BBAC99200AB2C84 /* MessagesPageView.swift in Sources */ = {isa = PBXBuildFile; fileRef = 01E4002F2BBAC99200AB2C84 /* MessagesPageView.swift */; };
		01E400322BBAC99D00AB2C84 /* ProfilePageView.swift in Sources */ = {isa = PBXBuildFile; fileRef = 01E400312BBAC99D00AB2C84 /* ProfilePageView.swift */; };
		01E400342BBACAAC00AB2C84 /* ShoppingPageView.swift in Sources */ = {isa = PBXBuildFile; fileRef = 01E400332BBACAAC00AB2C84 /* ShoppingPageView.swift */; };
		01E400382BBACE2A00AB2C84 /* BlogService.swift in Sources */ = {isa = PBXBuildFile; fileRef = 01E400372BBACE2A00AB2C84 /* BlogService.swift */; };
		01E4003A2BBBA09F00AB2C84 /* LoginView.swift in Sources */ = {isa = PBXBuildFile; fileRef = 01E400392BBBA09F00AB2C84 /* LoginView.swift */; };
		01E4003C2BBBA0B200AB2C84 /* RegisterView.swift in Sources */ = {isa = PBXBuildFile; fileRef = 01E4003B2BBBA0B200AB2C84 /* RegisterView.swift */; };
		01E4003E2BBBA3F200AB2C84 /* UserAuth.swift in Sources */ = {isa = PBXBuildFile; fileRef = 01E4003D2BBBA3F200AB2C84 /* UserAuth.swift */; };
		01E400402BBBA48B00AB2C84 /* MainView.swift in Sources */ = {isa = PBXBuildFile; fileRef = 01E4003F2BBBA48B00AB2C84 /* MainView.swift */; };
		01E400422BBBA9AF00AB2C84 /* ActiveView.swift in Sources */ = {isa = PBXBuildFile; fileRef = 01E400412BBBA9AF00AB2C84 /* ActiveView.swift */; };
		01E400442BBCE08900AB2C84 /* Post.swift in Sources */ = {isa = PBXBuildFile; fileRef = 01E400432BBCE08900AB2C84 /* Post.swift */; };
		01E400462BBCE53100AB2C84 /* UIImagePickerViewController.swift in Sources */ = {isa = PBXBuildFile; fileRef = 01E400452BBCE53100AB2C84 /* UIImagePickerViewController.swift */; };
		01E400482BBCF61100AB2C84 /* PostDetailView.swift in Sources */ = {isa = PBXBuildFile; fileRef = 01E400472BBCF61100AB2C84 /* PostDetailView.swift */; };
/* End PBXBuildFile section */

/* Begin PBXContainerItemProxy section */
		01E4000F2BBABD0300AB2C84 /* PBXContainerItemProxy */ = {
			isa = PBXContainerItemProxy;
			containerPortal = 01E4FFF62BBABD0100AB2C84 /* Project object */;
			proxyType = 1;
			remoteGlobalIDString = 01E4FFFD2BBABD0100AB2C84;
			remoteInfo = Blog;
		};
		01E400192BBABD0300AB2C84 /* PBXContainerItemProxy */ = {
			isa = PBXContainerItemProxy;
			containerPortal = 01E4FFF62BBABD0100AB2C84 /* Project object */;
			proxyType = 1;
			remoteGlobalIDString = 01E4FFFD2BBABD0100AB2C84;
			remoteInfo = Blog;
		};
/* End PBXContainerItemProxy section */

/* Begin PBXFileReference section */
		01E400012BBABD0100AB2C84 /* BlogApp.swift */ = {isa = PBXFileReference; lastKnownFileType = sourcecode.swift; path = BlogApp.swift; sourceTree = "<group>"; };
		01E400032BBABD0100AB2C84 /* ContentView.swift */ = {isa = PBXFileReference; lastKnownFileType = sourcecode.swift; path = ContentView.swift; sourceTree = "<group>"; };
		01E400052BBABD0200AB2C84 /* Assets.xcassets */ = {isa = PBXFileReference; lastKnownFileType = folder.assetcatalog; path = Assets.xcassets; sourceTree = "<group>"; };
		01E400082BBABD0200AB2C84 /* Preview Assets.xcassets */ = {isa = PBXFileReference; lastKnownFileType = folder.assetcatalog; path = "Preview Assets.xcassets"; sourceTree = "<group>"; };
		01E4000E2BBABD0300AB2C84 /* BlogTests.xctest */ = {isa = PBXFileReference; explicitFileType = wrapper.cfbundle; includeInIndex = 0; path = BlogTests.xctest; sourceTree = BUILT_PRODUCTS_DIR; };
		01E400122BBABD0300AB2C84 /* BlogTests.swift */ = {isa = PBXFileReference; lastKnownFileType = sourcecode.swift; path = BlogTests.swift; sourceTree = "<group>"; };
		01E400182BBABD0300AB2C84 /* BlogUITests.xctest */ = {isa = PBXFileReference; explicitFileType = wrapper.cfbundle; includeInIndex = 0; path = BlogUITests.xctest; sourceTree = BUILT_PRODUCTS_DIR; };
		01E4001C2BBABD0300AB2C84 /* BlogUITests.swift */ = {isa = PBXFileReference; lastKnownFileType = sourcecode.swift; path = BlogUITests.swift; sourceTree = "<group>"; };
		01E4001E2BBABD0300AB2C84 /* BlogUITestsLaunchTests.swift */ = {isa = PBXFileReference; lastKnownFileType = sourcecode.swift; path = BlogUITestsLaunchTests.swift; sourceTree = "<group>"; };
		01E4002B2BBAC94800AB2C84 /* HomePageView.swift */ = {isa = PBXFileReference; lastKnownFileType = sourcecode.swift; path = HomePageView.swift; sourceTree = "<group>"; };
		01E4002D2BBAC97800AB2C84 /* PublishPageView.swift */ = {isa = PBXFileReference; lastKnownFileType = sourcecode.swift; path = PublishPageView.swift; sourceTree = "<group>"; };
		01E4002F2BBAC99200AB2C84 /* MessagesPageView.swift */ = {isa = PBXFileReference; lastKnownFileType = sourcecode.swift; path = MessagesPageView.swift; sourceTree = "<group>"; };
		01E400312BBAC99D00AB2C84 /* ProfilePageView.swift */ = {isa = PBXFileReference; lastKnownFileType = sourcecode.swift; path = ProfilePageView.swift; sourceTree = "<group>"; };
		01E400332BBACAAC00AB2C84 /* ShoppingPageView.swift */ = {isa = PBXFileReference; lastKnownFileType = sourcecode.swift; path = ShoppingPageView.swift; sourceTree = "<group>"; };
		01E400372BBACE2A00AB2C84 /* BlogService.swift */ = {isa = PBXFileReference; lastKnownFileType = sourcecode.swift; path = BlogService.swift; sourceTree = "<group>"; };
		01E400392BBBA09F00AB2C84 /* LoginView.swift */ = {isa = PBXFileReference; lastKnownFileType = sourcecode.swift; path = LoginView.swift; sourceTree = "<group>"; };
		01E4003B2BBBA0B200AB2C84 /* RegisterView.swift */ = {isa = PBXFileReference; lastKnownFileType = sourcecode.swift; path = RegisterView.swift; sourceTree = "<group>"; };
		01E4003D2BBBA3F200AB2C84 /* UserAuth.swift */ = {isa = PBXFileReference; lastKnownFileType = sourcecode.swift; path = UserAuth.swift; sourceTree = "<group>"; };
		01E4003F2BBBA48B00AB2C84 /* MainView.swift */ = {isa = PBXFileReference; lastKnownFileType = sourcecode.swift; path = MainView.swift; sourceTree = "<group>"; };
		01E400412BBBA9AF00AB2C84 /* ActiveView.swift */ = {isa = PBXFileReference; lastKnownFileType = sourcecode.swift; path = ActiveView.swift; sourceTree = "<group>"; };
		01E400432BBCE08900AB2C84 /* Post.swift */ = {isa = PBXFileReference; lastKnownFileType = sourcecode.swift; path = Post.swift; sourceTree = "<group>"; };
		01E400452BBCE53100AB2C84 /* UIImagePickerViewController.swift */ = {isa = PBXFileReference; lastKnownFileType = sourcecode.swift; path = UIImagePickerViewController.swift; sourceTree = "<group>"; };
		01E400472BBCF61100AB2C84 /* PostDetailView.swift */ = {isa = PBXFileReference; lastKnownFileType = sourcecode.swift; path = PostDetailView.swift; sourceTree = "<group>"; };
		01E4FFFE2BBABD0100AB2C84 /* Blog.app */ = {isa = PBXFileReference; explicitFileType = wrapper.application; includeInIndex = 0; path = Blog.app; sourceTree = BUILT_PRODUCTS_DIR; };
/* End PBXFileReference section */

/* Begin PBXFrameworksBuildPhase section */
		01E4000B2BBABD0300AB2C84 /* Frameworks */ = {
			isa = PBXFrameworksBuildPhase;
			buildActionMask = 2147483647;
			files = (
			);
			runOnlyForDeploymentPostprocessing = 0;
		};
		01E400152BBABD0300AB2C84 /* Frameworks */ = {
			isa = PBXFrameworksBuildPhase;
			buildActionMask = 2147483647;
			files = (
			);
			runOnlyForDeploymentPostprocessing = 0;
		};
		01E4FFFB2BBABD0100AB2C84 /* Frameworks */ = {
			isa = PBXFrameworksBuildPhase;
			buildActionMask = 2147483647;
			files = (
			);
			runOnlyForDeploymentPostprocessing = 0;
		};
/* End PBXFrameworksBuildPhase section */

/* Begin PBXGroup section */
		01E400002BBABD0100AB2C84 /* Blog */ = {
			isa = PBXGroup;
			children = (
				01E400012BBABD0100AB2C84 /* BlogApp.swift */,
				01E400392BBBA09F00AB2C84 /* LoginView.swift */,
				01E4003D2BBBA3F200AB2C84 /* UserAuth.swift */,
				01E4003B2BBBA0B200AB2C84 /* RegisterView.swift */,
				01E400032BBABD0100AB2C84 /* ContentView.swift */,
				01E400472BBCF61100AB2C84 /* PostDetailView.swift */,
				01E400432BBCE08900AB2C84 /* Post.swift */,
				01E4002B2BBAC94800AB2C84 /* HomePageView.swift */,
				01E400372BBACE2A00AB2C84 /* BlogService.swift */,
				01E4002D2BBAC97800AB2C84 /* PublishPageView.swift */,
				01E400452BBCE53100AB2C84 /* UIImagePickerViewController.swift */,
				01E4002F2BBAC99200AB2C84 /* MessagesPageView.swift */,
				01E400312BBAC99D00AB2C84 /* ProfilePageView.swift */,
				01E400412BBBA9AF00AB2C84 /* ActiveView.swift */,
				01E400332BBACAAC00AB2C84 /* ShoppingPageView.swift */,
				01E4003F2BBBA48B00AB2C84 /* MainView.swift */,
				01E400052BBABD0200AB2C84 /* Assets.xcassets */,
				01E400072BBABD0200AB2C84 /* Preview Content */,
			);
			path = Blog;
			sourceTree = "<group>";
		};
		01E400072BBABD0200AB2C84 /* Preview Content */ = {
			isa = PBXGroup;
			children = (
				01E400082BBABD0200AB2C84 /* Preview Assets.xcassets */,
			);
			path = "Preview Content";
			sourceTree = "<group>";
		};
		01E400112BBABD0300AB2C84 /* BlogTests */ = {
			isa = PBXGroup;
			children = (
				01E400122BBABD0300AB2C84 /* BlogTests.swift */,
			);
			path = BlogTests;
			sourceTree = "<group>";
		};
		01E4001B2BBABD0300AB2C84 /* BlogUITests */ = {
			isa = PBXGroup;
			children = (
				01E4001C2BBABD0300AB2C84 /* BlogUITests.swift */,
				01E4001E2BBABD0300AB2C84 /* BlogUITestsLaunchTests.swift */,
			);
			path = BlogUITests;
			sourceTree = "<group>";
		};
		01E4FFF52BBABD0100AB2C84 = {
			isa = PBXGroup;
			children = (
				01E400002BBABD0100AB2C84 /* Blog */,
				01E400112BBABD0300AB2C84 /* BlogTests */,
				01E4001B2BBABD0300AB2C84 /* BlogUITests */,
				01E4FFFF2BBABD0100AB2C84 /* Products */,
			);
			sourceTree = "<group>";
		};
		01E4FFFF2BBABD0100AB2C84 /* Products */ = {
			isa = PBXGroup;
			children = (
				01E4FFFE2BBABD0100AB2C84 /* Blog.app */,
				01E4000E2BBABD0300AB2C84 /* BlogTests.xctest */,
				01E400182BBABD0300AB2C84 /* BlogUITests.xctest */,
			);
			name = Products;
			sourceTree = "<group>";
		};
/* End PBXGroup section */

/* Begin PBXNativeTarget section */
		01E4000D2BBABD0300AB2C84 /* BlogTests */ = {
			isa = PBXNativeTarget;
			buildConfigurationList = 01E400252BBABD0300AB2C84 /* Build configuration list for PBXNativeTarget "BlogTests" */;
			buildPhases = (
				01E4000A2BBABD0300AB2C84 /* Sources */,
				01E4000B2BBABD0300AB2C84 /* Frameworks */,
				01E4000C2BBABD0300AB2C84 /* Resources */,
			);
			buildRules = (
			);
			dependencies = (
				01E400102BBABD0300AB2C84 /* PBXTargetDependency */,
			);
			name = BlogTests;
			productName = BlogTests;
			productReference = 01E4000E2BBABD0300AB2C84 /* BlogTests.xctest */;
			productType = "com.apple.product-type.bundle.unit-test";
		};
		01E400172BBABD0300AB2C84 /* BlogUITests */ = {
			isa = PBXNativeTarget;
			buildConfigurationList = 01E400282BBABD0300AB2C84 /* Build configuration list for PBXNativeTarget "BlogUITests" */;
			buildPhases = (
				01E400142BBABD0300AB2C84 /* Sources */,
				01E400152BBABD0300AB2C84 /* Frameworks */,
				01E400162BBABD0300AB2C84 /* Resources */,
			);
			buildRules = (
			);
			dependencies = (
				01E4001A2BBABD0300AB2C84 /* PBXTargetDependency */,
			);
			name = BlogUITests;
			productName = BlogUITests;
			productReference = 01E400182BBABD0300AB2C84 /* BlogUITests.xctest */;
			productType = "com.apple.product-type.bundle.ui-testing";
		};
		01E4FFFD2BBABD0100AB2C84 /* Blog */ = {
			isa = PBXNativeTarget;
			buildConfigurationList = 01E400222BBABD0300AB2C84 /* Build configuration list for PBXNativeTarget "Blog" */;
			buildPhases = (
				01E4FFFA2BBABD0100AB2C84 /* Sources */,
				01E4FFFB2BBABD0100AB2C84 /* Frameworks */,
				01E4FFFC2BBABD0100AB2C84 /* Resources */,
			);
			buildRules = (
			);
			dependencies = (
			);
			name = Blog;
			productName = Blog;
			productReference = 01E4FFFE2BBABD0100AB2C84 /* Blog.app */;
			productType = "com.apple.product-type.application";
		};
/* End PBXNativeTarget section */

/* Begin PBXProject section */
		01E4FFF62BBABD0100AB2C84 /* Project object */ = {
			isa = PBXProject;
			attributes = {
				BuildIndependentTargetsInParallel = 1;
				LastSwiftUpdateCheck = 1510;
				LastUpgradeCheck = 1510;
				TargetAttributes = {
					01E4000D2BBABD0300AB2C84 = {
						CreatedOnToolsVersion = 15.1;
						TestTargetID = 01E4FFFD2BBABD0100AB2C84;
					};
					01E400172BBABD0300AB2C84 = {
						CreatedOnToolsVersion = 15.1;
						TestTargetID = 01E4FFFD2BBABD0100AB2C84;
					};
					01E4FFFD2BBABD0100AB2C84 = {
						CreatedOnToolsVersion = 15.1;
					};
				};
			};
			buildConfigurationList = 01E4FFF92BBABD0100AB2C84 /* Build configuration list for PBXProject "Blog" */;
			compatibilityVersion = "Xcode 14.0";
			developmentRegion = en;
			hasScannedForEncodings = 0;
			knownRegions = (
				en,
				Base,
			);
			mainGroup = 01E4FFF52BBABD0100AB2C84;
			productRefGroup = 01E4FFFF2BBABD0100AB2C84 /* Products */;
			projectDirPath = "";
			projectRoot = "";
			targets = (
				01E4FFFD2BBABD0100AB2C84 /* Blog */,
				01E4000D2BBABD0300AB2C84 /* BlogTests */,
				01E400172BBABD0300AB2C84 /* BlogUITests */,
			);
		};
/* End PBXProject section */

/* Begin PBXResourcesBuildPhase section */
		01E4000C2BBABD0300AB2C84 /* Resources */ = {
			isa = PBXResourcesBuildPhase;
			buildActionMask = 2147483647;
			files = (
			);
			runOnlyForDeploymentPostprocessing = 0;
		};
		01E400162BBABD0300AB2C84 /* Resources */ = {
			isa = PBXResourcesBuildPhase;
			buildActionMask = 2147483647;
			files = (
			);
			runOnlyForDeploymentPostprocessing = 0;
		};
		01E4FFFC2BBABD0100AB2C84 /* Resources */ = {
			isa = PBXResourcesBuildPhase;
			buildActionMask = 2147483647;
			files = (
				01E400092BBABD0200AB2C84 /* Preview Assets.xcassets in Resources */,
				01E400062BBABD0200AB2C84 /* Assets.xcassets in Resources */,
			);
			runOnlyForDeploymentPostprocessing = 0;
		};
/* End PBXResourcesBuildPhase section */

/* Begin PBXSourcesBuildPhase section */
		01E4000A2BBABD0300AB2C84 /* Sources */ = {
			isa = PBXSourcesBuildPhase;
			buildActionMask = 2147483647;
			files = (
				01E400132BBABD0300AB2C84 /* BlogTests.swift in Sources */,
			);
			runOnlyForDeploymentPostprocessing = 0;
		};
		01E400142BBABD0300AB2C84 /* Sources */ = {
			isa = PBXSourcesBuildPhase;
			buildActionMask = 2147483647;
			files = (
				01E4001F2BBABD0300AB2C84 /* BlogUITestsLaunchTests.swift in Sources */,
				01E4001D2BBABD0300AB2C84 /* BlogUITests.swift in Sources */,
			);
			runOnlyForDeploymentPostprocessing = 0;
		};
		01E4FFFA2BBABD0100AB2C84 /* Sources */ = {
			isa = PBXSourcesBuildPhase;
			buildActionMask = 2147483647;
			files = (
				01E400422BBBA9AF00AB2C84 /* ActiveView.swift in Sources */,
				01E4003C2BBBA0B200AB2C84 /* RegisterView.swift in Sources */,
				01E400402BBBA48B00AB2C84 /* MainView.swift in Sources */,
				01E400482BBCF61100AB2C84 /* PostDetailView.swift in Sources */,
				01E400042BBABD0100AB2C84 /* ContentView.swift in Sources */,
				01E400322BBAC99D00AB2C84 /* ProfilePageView.swift in Sources */,
				01E400302BBAC99200AB2C84 /* MessagesPageView.swift in Sources */,
				01E400382BBACE2A00AB2C84 /* BlogService.swift in Sources */,
				01E4003E2BBBA3F200AB2C84 /* UserAuth.swift in Sources */,
				01E400442BBCE08900AB2C84 /* Post.swift in Sources */,
				01E4002C2BBAC94800AB2C84 /* HomePageView.swift in Sources */,
				01E400022BBABD0100AB2C84 /* BlogApp.swift in Sources */,
				01E400342BBACAAC00AB2C84 /* ShoppingPageView.swift in Sources */,
				01E4003A2BBBA09F00AB2C84 /* LoginView.swift in Sources */,
				01E400462BBCE53100AB2C84 /* UIImagePickerViewController.swift in Sources */,
				01E4002E2BBAC97800AB2C84 /* PublishPageView.swift in Sources */,
			);
			runOnlyForDeploymentPostprocessing = 0;
		};
/* End PBXSourcesBuildPhase section */

/* Begin PBXTargetDependency section */
		01E400102BBABD0300AB2C84 /* PBXTargetDependency */ = {
			isa = PBXTargetDependency;
			target = 01E4FFFD2BBABD0100AB2C84 /* Blog */;
			targetProxy = 01E4000F2BBABD0300AB2C84 /* PBXContainerItemProxy */;
		};
		01E4001A2BBABD0300AB2C84 /* PBXTargetDependency */ = {
			isa = PBXTargetDependency;
			target = 01E4FFFD2BBABD0100AB2C84 /* Blog */;
			targetProxy = 01E400192BBABD0300AB2C84 /* PBXContainerItemProxy */;
		};
/* End PBXTargetDependency section */

/* Begin XCBuildConfiguration section */
		01E400202BBABD0300AB2C84 /* Debug */ = {
			isa = XCBuildConfiguration;
			buildSettings = {
				ALWAYS_SEARCH_USER_PATHS = NO;
				ASSETCATALOG_COMPILER_GENERATE_SWIFT_ASSET_SYMBOL_EXTENSIONS = YES;
				CLANG_ANALYZER_NONNULL = YES;
				CLANG_ANALYZER_NUMBER_OBJECT_CONVERSION = YES_AGGRESSIVE;
				CLANG_CXX_LANGUAGE_STANDARD = "gnu++20";
				CLANG_ENABLE_MODULES = YES;
				CLANG_ENABLE_OBJC_ARC = YES;
				CLANG_ENABLE_OBJC_WEAK = YES;
				CLANG_WARN_BLOCK_CAPTURE_AUTORELEASING = YES;
				CLANG_WARN_BOOL_CONVERSION = YES;
				CLANG_WARN_COMMA = YES;
				CLANG_WARN_CONSTANT_CONVERSION = YES;
				CLANG_WARN_DEPRECATED_OBJC_IMPLEMENTATIONS = YES;
				CLANG_WARN_DIRECT_OBJC_ISA_USAGE = YES_ERROR;
				CLANG_WARN_DOCUMENTATION_COMMENTS = YES;
				CLANG_WARN_EMPTY_BODY = YES;
				CLANG_WARN_ENUM_CONVERSION = YES;
				CLANG_WARN_INFINITE_RECURSION = YES;
				CLANG_WARN_INT_CONVERSION = YES;
				CLANG_WARN_NON_LITERAL_NULL_CONVERSION = YES;
				CLANG_WARN_OBJC_IMPLICIT_RETAIN_SELF = YES;
				CLANG_WARN_OBJC_LITERAL_CONVERSION = YES;
				CLANG_WARN_OBJC_ROOT_CLASS = YES_ERROR;
				CLANG_WARN_QUOTED_INCLUDE_IN_FRAMEWORK_HEADER = YES;
				CLANG_WARN_RANGE_LOOP_ANALYSIS = YES;
				CLANG_WARN_STRICT_PROTOTYPES = YES;
				CLANG_WARN_SUSPICIOUS_MOVE = YES;
				CLANG_WARN_UNGUARDED_AVAILABILITY = YES_AGGRESSIVE;
				CLANG_WARN_UNREACHABLE_CODE = YES;
				CLANG_WARN__DUPLICATE_METHOD_MATCH = YES;
				COPY_PHASE_STRIP = NO;
				DEBUG_INFORMATION_FORMAT = dwarf;
				ENABLE_STRICT_OBJC_MSGSEND = YES;
				ENABLE_TESTABILITY = YES;
				ENABLE_USER_SCRIPT_SANDBOXING = YES;
				GCC_C_LANGUAGE_STANDARD = gnu17;
				GCC_DYNAMIC_NO_PIC = NO;
				GCC_NO_COMMON_BLOCKS = YES;
				GCC_OPTIMIZATION_LEVEL = 0;
				GCC_PREPROCESSOR_DEFINITIONS = (
					"DEBUG=1",
					"$(inherited)",
				);
				GCC_WARN_64_TO_32_BIT_CONVERSION = YES;
				GCC_WARN_ABOUT_RETURN_TYPE = YES_ERROR;
				GCC_WARN_UNDECLARED_SELECTOR = YES;
				GCC_WARN_UNINITIALIZED_AUTOS = YES_AGGRESSIVE;
				GCC_WARN_UNUSED_FUNCTION = YES;
				GCC_WARN_UNUSED_VARIABLE = YES;
				IPHONEOS_DEPLOYMENT_TARGET = 17.2;
				LOCALIZATION_PREFERS_STRING_CATALOGS = YES;
				MTL_ENABLE_DEBUG_INFO = INCLUDE_SOURCE;
				MTL_FAST_MATH = YES;
				ONLY_ACTIVE_ARCH = YES;
				SDKROOT = iphoneos;
				SWIFT_ACTIVE_COMPILATION_CONDITIONS = "DEBUG $(inherited)";
				SWIFT_OPTIMIZATION_LEVEL = "-Onone";
			};
			name = Debug;
		};
		01E400212BBABD0300AB2C84 /* Release */ = {
			isa = XCBuildConfiguration;
			buildSettings = {
				ALWAYS_SEARCH_USER_PATHS = NO;
				ASSETCATALOG_COMPILER_GENERATE_SWIFT_ASSET_SYMBOL_EXTENSIONS = YES;
				CLANG_ANALYZER_NONNULL = YES;
				CLANG_ANALYZER_NUMBER_OBJECT_CONVERSION = YES_AGGRESSIVE;
				CLANG_CXX_LANGUAGE_STANDARD = "gnu++20";
				CLANG_ENABLE_MODULES = YES;
				CLANG_ENABLE_OBJC_ARC = YES;
				CLANG_ENABLE_OBJC_WEAK = YES;
				CLANG_WARN_BLOCK_CAPTURE_AUTORELEASING = YES;
				CLANG_WARN_BOOL_CONVERSION = YES;
				CLANG_WARN_COMMA = YES;
				CLANG_WARN_CONSTANT_CONVERSION = YES;
				CLANG_WARN_DEPRECATED_OBJC_IMPLEMENTATIONS = YES;
				CLANG_WARN_DIRECT_OBJC_ISA_USAGE = YES_ERROR;
				CLANG_WARN_DOCUMENTATION_COMMENTS = YES;
				CLANG_WARN_EMPTY_BODY = YES;
				CLANG_WARN_ENUM_CONVERSION = YES;
				CLANG_WARN_INFINITE_RECURSION = YES;
				CLANG_WARN_INT_CONVERSION = YES;
				CLANG_WARN_NON_LITERAL_NULL_CONVERSION = YES;
				CLANG_WARN_OBJC_IMPLICIT_RETAIN_SELF = YES;
				CLANG_WARN_OBJC_LITERAL_CONVERSION = YES;
				CLANG_WARN_OBJC_ROOT_CLASS = YES_ERROR;
				CLANG_WARN_QUOTED_INCLUDE_IN_FRAMEWORK_HEADER = YES;
				CLANG_WARN_RANGE_LOOP_ANALYSIS = YES;
				CLANG_WARN_STRICT_PROTOTYPES = YES;
				CLANG_WARN_SUSPICIOUS_MOVE = YES;
				CLANG_WARN_UNGUARDED_AVAILABILITY = YES_AGGRESSIVE;
				CLANG_WARN_UNREACHABLE_CODE = YES;
				CLANG_WARN__DUPLICATE_METHOD_MATCH = YES;
				COPY_PHASE_STRIP = NO;
				DEBUG_INFORMATION_FORMAT = "dwarf-with-dsym";
				ENABLE_NS_ASSERTIONS = NO;
				ENABLE_STRICT_OBJC_MSGSEND = YES;
				ENABLE_USER_SCRIPT_SANDBOXING = YES;
				GCC_C_LANGUAGE_STANDARD = gnu17;
				GCC_NO_COMMON_BLOCKS = YES;
				GCC_WARN_64_TO_32_BIT_CONVERSION = YES;
				GCC_WARN_ABOUT_RETURN_TYPE = YES_ERROR;
				GCC_WARN_UNDECLARED_SELECTOR = YES;
				GCC_WARN_UNINITIALIZED_AUTOS = YES_AGGRESSIVE;
				GCC_WARN_UNUSED_FUNCTION = YES;
				GCC_WARN_UNUSED_VARIABLE = YES;
				IPHONEOS_DEPLOYMENT_TARGET = 17.2;
				LOCALIZATION_PREFERS_STRING_CATALOGS = YES;
				MTL_ENABLE_DEBUG_INFO = NO;
				MTL_FAST_MATH = YES;
				SDKROOT = iphoneos;
				SWIFT_COMPILATION_MODE = wholemodule;
				VALIDATE_PRODUCT = YES;
			};
			name = Release;
		};
		01E400232BBABD0300AB2C84 /* Debug */ = {
			isa = XCBuildConfiguration;
			buildSettings = {
				ASSETCATALOG_COMPILER_APPICON_NAME = AppIcon;
				ASSETCATALOG_COMPILER_GLOBAL_ACCENT_COLOR_NAME = AccentColor;
				CODE_SIGN_STYLE = Automatic;
				CURRENT_PROJECT_VERSION = 1;
				DEVELOPMENT_ASSET_PATHS = "\"Blog/Preview Content\"";
				DEVELOPMENT_TEAM = 653ZAV62WG;
				ENABLE_PREVIEWS = YES;
				GENERATE_INFOPLIST_FILE = YES;
				INFOPLIST_KEY_UIApplicationSceneManifest_Generation = YES;
				INFOPLIST_KEY_UIApplicationSupportsIndirectInputEvents = YES;
				INFOPLIST_KEY_UILaunchScreen_Generation = YES;
				INFOPLIST_KEY_UISupportedInterfaceOrientations_iPad = "UIInterfaceOrientationPortrait UIInterfaceOrientationPortraitUpsideDown UIInterfaceOrientationLandscapeLeft UIInterfaceOrientationLandscapeRight";
				INFOPLIST_KEY_UISupportedInterfaceOrientations_iPhone = "UIInterfaceOrientationPortrait UIInterfaceOrientationLandscapeLeft UIInterfaceOrientationLandscapeRight";
				LD_RUNPATH_SEARCH_PATHS = (
					"$(inherited)",
					"@executable_path/Frameworks",
				);
				MARKETING_VERSION = 1.0;
				PRODUCT_BUNDLE_IDENTIFIER = blogstudy.yifan.Blog;
				PRODUCT_NAME = "$(TARGET_NAME)";
				SWIFT_EMIT_LOC_STRINGS = YES;
				SWIFT_VERSION = 5.0;
				TARGETED_DEVICE_FAMILY = "1,2";
			};
			name = Debug;
		};
		01E400242BBABD0300AB2C84 /* Release */ = {
			isa = XCBuildConfiguration;
			buildSettings = {
				ASSETCATALOG_COMPILER_APPICON_NAME = AppIcon;
				ASSETCATALOG_COMPILER_GLOBAL_ACCENT_COLOR_NAME = AccentColor;
				CODE_SIGN_STYLE = Automatic;
				CURRENT_PROJECT_VERSION = 1;
				DEVELOPMENT_ASSET_PATHS = "\"Blog/Preview Content\"";
				DEVELOPMENT_TEAM = 653ZAV62WG;
				ENABLE_PREVIEWS = YES;
				GENERATE_INFOPLIST_FILE = YES;
				INFOPLIST_KEY_UIApplicationSceneManifest_Generation = YES;
				INFOPLIST_KEY_UIApplicationSupportsIndirectInputEvents = YES;
				INFOPLIST_KEY_UILaunchScreen_Generation = YES;
				INFOPLIST_KEY_UISupportedInterfaceOrientations_iPad = "UIInterfaceOrientationPortrait UIInterfaceOrientationPortraitUpsideDown UIInterfaceOrientationLandscapeLeft UIInterfaceOrientationLandscapeRight";
				INFOPLIST_KEY_UISupportedInterfaceOrientations_iPhone = "UIInterfaceOrientationPortrait UIInterfaceOrientationLandscapeLeft UIInterfaceOrientationLandscapeRight";
				LD_RUNPATH_SEARCH_PATHS = (
					"$(inherited)",
					"@executable_path/Frameworks",
				);
				MARKETING_VERSION = 1.0;
				PRODUCT_BUNDLE_IDENTIFIER = blogstudy.yifan.Blog;
				PRODUCT_NAME = "$(TARGET_NAME)";
				SWIFT_EMIT_LOC_STRINGS = YES;
				SWIFT_VERSION = 5.0;
				TARGETED_DEVICE_FAMILY = "1,2";
			};
			name = Release;
		};
		01E400262BBABD0300AB2C84 /* Debug */ = {
			isa = XCBuildConfiguration;
			buildSettings = {
				ALWAYS_EMBED_SWIFT_STANDARD_LIBRARIES = YES;
				BUNDLE_LOADER = "$(TEST_HOST)";
				CODE_SIGN_STYLE = Automatic;
				CURRENT_PROJECT_VERSION = 1;
				DEVELOPMENT_TEAM = 653ZAV62WG;
				GENERATE_INFOPLIST_FILE = YES;
				IPHONEOS_DEPLOYMENT_TARGET = 17.2;
				MARKETING_VERSION = 1.0;
				PRODUCT_BUNDLE_IDENTIFIER = blogstudy.yifan.BlogTests;
				PRODUCT_NAME = "$(TARGET_NAME)";
				SWIFT_EMIT_LOC_STRINGS = NO;
				SWIFT_VERSION = 5.0;
				TARGETED_DEVICE_FAMILY = "1,2";
				TEST_HOST = "$(BUILT_PRODUCTS_DIR)/Blog.app/$(BUNDLE_EXECUTABLE_FOLDER_PATH)/Blog";
			};
			name = Debug;
		};
		01E400272BBABD0300AB2C84 /* Release */ = {
			isa = XCBuildConfiguration;
			buildSettings = {
				ALWAYS_EMBED_SWIFT_STANDARD_LIBRARIES = YES;
				BUNDLE_LOADER = "$(TEST_HOST)";
				CODE_SIGN_STYLE = Automatic;
				CURRENT_PROJECT_VERSION = 1;
				DEVELOPMENT_TEAM = 653ZAV62WG;
				GENERATE_INFOPLIST_FILE = YES;
				IPHONEOS_DEPLOYMENT_TARGET = 17.2;
				MARKETING_VERSION = 1.0;
				PRODUCT_BUNDLE_IDENTIFIER = blogstudy.yifan.BlogTests;
				PRODUCT_NAME = "$(TARGET_NAME)";
				SWIFT_EMIT_LOC_STRINGS = NO;
				SWIFT_VERSION = 5.0;
				TARGETED_DEVICE_FAMILY = "1,2";
				TEST_HOST = "$(BUILT_PRODUCTS_DIR)/Blog.app/$(BUNDLE_EXECUTABLE_FOLDER_PATH)/Blog";
			};
			name = Release;
		};
		01E400292BBABD0300AB2C84 /* Debug */ = {
			isa = XCBuildConfiguration;
			buildSettings = {
				ALWAYS_EMBED_SWIFT_STANDARD_LIBRARIES = YES;
				CODE_SIGN_STYLE = Automatic;
				CURRENT_PROJECT_VERSION = 1;
				DEVELOPMENT_TEAM = 653ZAV62WG;
				GENERATE_INFOPLIST_FILE = YES;
				MARKETING_VERSION = 1.0;
				PRODUCT_BUNDLE_IDENTIFIER = blogstudy.yifan.BlogUITests;
				PRODUCT_NAME = "$(TARGET_NAME)";
				SWIFT_EMIT_LOC_STRINGS = NO;
				SWIFT_VERSION = 5.0;
				TARGETED_DEVICE_FAMILY = "1,2";
				TEST_TARGET_NAME = Blog;
			};
			name = Debug;
		};
		01E4002A2BBABD0300AB2C84 /* Release */ = {
			isa = XCBuildConfiguration;
			buildSettings = {
				ALWAYS_EMBED_SWIFT_STANDARD_LIBRARIES = YES;
				CODE_SIGN_STYLE = Automatic;
				CURRENT_PROJECT_VERSION = 1;
				DEVELOPMENT_TEAM = 653ZAV62WG;
				GENERATE_INFOPLIST_FILE = YES;
				MARKETING_VERSION = 1.0;
				PRODUCT_BUNDLE_IDENTIFIER = blogstudy.yifan.BlogUITests;
				PRODUCT_NAME = "$(TARGET_NAME)";
				SWIFT_EMIT_LOC_STRINGS = NO;
				SWIFT_VERSION = 5.0;
				TARGETED_DEVICE_FAMILY = "1,2";
				TEST_TARGET_NAME = Blog;
			};
			name = Release;
		};
/* End XCBuildConfiguration section */

/* Begin XCConfigurationList section */
		01E400222BBABD0300AB2C84 /* Build configuration list for PBXNativeTarget "Blog" */ = {
			isa = XCConfigurationList;
			buildConfigurations = (
				01E400232BBABD0300AB2C84 /* Debug */,
				01E400242BBABD0300AB2C84 /* Release */,
			);
			defaultConfigurationIsVisible = 0;
			defaultConfigurationName = Release;
		};
		01E400252BBABD0300AB2C84 /* Build configuration list for PBXNativeTarget "BlogTests" */ = {
			isa = XCConfigurationList;
			buildConfigurations = (
				01E400262BBABD0300AB2C84 /* Debug */,
				01E400272BBABD0300AB2C84 /* Release */,
			);
			defaultConfigurationIsVisible = 0;
			defaultConfigurationName = Release;
		};
		01E400282BBABD0300AB2C84 /* Build configuration list for PBXNativeTarget "BlogUITests" */ = {
			isa = XCConfigurationList;
			buildConfigurations = (
				01E400292BBABD0300AB2C84 /* Debug */,
				01E4002A2BBABD0300AB2C84 /* Release */,
			);
			defaultConfigurationIsVisible = 0;
			defaultConfigurationName = Release;
		};
		01E4FFF92BBABD0100AB2C84 /* Build configuration list for PBXProject "Blog" */ = {
			isa = XCConfigurationList;
			buildConfigurations = (
				01E400202BBABD0300AB2C84 /* Debug */,
				01E400212BBABD0300AB2C84 /* Release */,
			);
			defaultConfigurationIsVisible = 0;
			defaultConfigurationName = Release;
		};
/* End XCConfigurationList section */
	};
	rootObject = 01E4FFF62BBABD0100AB2C84 /* Project object */;
}
